
Microsoft Visual Studio Solution File, Format Version 12.00
# Visual Studio Version 17
VisualStudioVersion = 17.4.33122.133
MinimumVisualStudioVersion = 10.0.40219.1
Project("{FAE04EC0-301F-11D3-BF4B-00C04F79EFBC}") = "EfCore", "EfCore\EfCore.csproj", "{2467FD28-49FD-4C7B-AFFE-724194F621BC}"
EndProject
Global
	GlobalSection(SolutionConfigurationPlatforms) = preSolution
		Debug|Any CPU = Debug|Any CPU
		Release|Any CPU = Release|Any CPU
	EndGlobalSection
	GlobalSection(ProjectConfigurationPlatforms) = postSolution
		{2467FD28-49FD-4C7B-AFFE-724194F621BC}.Debug|Any CPU.ActiveCfg = Debug|Any CPU
		{2467FD28-49FD-4C7B-AFFE-724194F621BC}.Debug|Any CPU.Build.0 = Debug|Any CPU
		{2467FD28-49FD-4C7B-AFFE-724194F621BC}.Release|Any CPU.ActiveCfg = Release|Any CPU
		{2467FD28-49FD-4C7B-AFFE-724194F621BC}.Release|Any CPU.Build.0 = Release|Any CPU
	EndGlobalSection
	GlobalSection(SolutionProperties) = preSolution
		HideSolutionNode = FALSE
	EndGlobalSection
	GlobalSection(ExtensibilityGlobals) = postSolution
		SolutionGuid = {4AB86412-A0F1-43A4-B351-DF7E32F8ABA1}
	EndGlobalSection
EndGlobal
